{
  "originHash" : "cb1955a3ac4efafe38c1f2c7a74cfee4a78dd4cb318f241c0d1d6ddd46836be1",
  "pins" : [
    {
      "identity" : "eventsource",
      "kind" : "remoteSourceControl",
      "location" : "https://github.com/mattt/eventsource.git",
      "state" : {
        "revision" : "a3a85a85214caf642abaa96ae664e4c772a59f6e",
        "version" : "1.4.1"
      }
    },
    {
      "identity" : "secp256k1.swift",
      "kind" : "remoteSourceControl",
      "location" : "https://github.com/GigaBitcoin/secp256k1.swift.git",
      "state" : {
        "revision" : "8c62aba8a3011c9bcea232e5ee007fb0b34a15e2",
        "version" : "0.21.1"
      }
    },
    {
      "identity" : "starscream",
      "kind" : "remoteSourceControl",
      "location" : "https://github.com/daltoniam/Starscream.git",
      "state" : {
        "revision" : "c6bfd1af48efcc9a9ad203665db12375ba6b145a",
        "version" : "4.0.8"
      }
    },
    {
      "identity" : "swift-async-algorithms",
      "kind" : "remoteSourceControl",
      "location" : "https://github.com/apple/swift-async-algorithms.git",
      "state" : {
        "revision" : "9d349bcc328ac3c31ce40e746b5882742a0d1272",
        "version" : "1.1.3"
      }
    },
    {
      "identity" : "swift-atomics",
      "kind" : "remoteSourceControl",
      "location" : "https://github.com/apple/swift-atomics.git",
      "state" : {
        "revision" : "b601256eab081c0f92f059e12818ac1d4f178ff7",
        "version" : "1.3.0"
      }
    },
    {
      "identity" : "swift-collections",
      "kind" : "remoteSourceControl",
      "location" : "https://github.com/apple/swift-collections.git",
      "state" : {
        "revision" : "8d9834a6189db730f6264db7556a7ffb751e99ee",
        "version" : "1.4.0"
      }
    },
    {
      "identity" : "swift-log",
      "kind" : "remoteSourceControl",
      "location" : "https://github.com/apple/swift-log.git",
      "state" : {
        "revision" : "bbd81b6725ae874c69e9b8c8804d462356b55523",
        "version" : "1.10.1"
      }
    },
    {
      "identity" : "swift-nio",
      "kind" : "remoteSourceControl",
      "location" : "https://github.com/apple/swift-nio.git",
      "state" : {
        "revision" : "b31565862a8f39866af50bc6676160d8dda7de35",
        "version" : "2.96.0"
      }
    },
    {
      "identity" : "swift-sdk",
      "kind" : "remoteSourceControl",
      "location" : "https://github.com/modelcontextprotocol/swift-sdk.git",
      "state" : {
        "revision" : "6112a3995a992d159ad0e82c2d62a008ce932666",
        "version" : "0.11.0"
      }
    },
    {
      "identity" : "swift-system",
      "kind" : "remoteSourceControl",
      "location" : "https://github.com/apple/swift-system.git",
      "state" : {
        "revision" : "7c6ad0fc39d0763e0b699210e4124afd5041c5df",
        "version" : "1.6.4"
      }
    }
  ],
  "version" : 3
}
